{
    "_readme": [
        "This file locks the dependencies of your project to a known state",
        "Read more about it at https://getcomposer.org/doc/01-basic-usage.md#installing-dependencies",
        "This file is @generated automatically"
    ],
    "content-hash": "8806d07de3026563c9b578e9a82a1cbd",
    "packages": [
        {
            "name": "paypal/paypal-checkout-sdk",
            "version": "1.0.1",
            "source": {
                "type": "git",
                "url": "https://github.com/paypal/Checkout-PHP-SDK.git",
                "reference": "ed6a55075448308b87a8b59dcb7fedf04a048cb1"
            },
            "dist": {
                "type": "zip",
                "url": "https://api.github.com/repos/paypal/Checkout-PHP-SDK/zipball/ed6a55075448308b87a8b59dcb7fedf04a048cb1",
                "reference": "ed6a55075448308b87a8b59dcb7fedf04a048cb1",
                "shasum": ""
            },
            "require": {
                "paypal/paypalhttp": "1.0.0"
            },
            "require-dev": {
                "phpunit/phpunit": "^5.7"
            },
            "type": "library",
            "autoload": {
                "psr-4": {
                    "PayPalCheckoutSdk\\": "lib/PayPalCheckoutSdk",
                    "Sample\\": "samples/"
                }
            },
            "notification-url": "https://packagist.org/downloads/",
            "license": [
                "https://github.com/paypal/Checkout-PHP-SDK/blob/master/LICENSE"
            ],
            "authors": [
                {
                    "name": "PayPal",
                    "homepage": "https://github.com/paypal/Checkout-PHP-SDK/contributors"
                }
            ],
            "description": "PayPal's PHP SDK for Checkout REST APIs",
            "homepage": "http://github.com/paypal/Checkout-PHP-SDK/",
            "keywords": [
                "checkout",
                "orders",
                "payments",
                "paypal",
                "rest",
                "sdk"
            ],
            "time": "2019-11-07T23:16:44+00:00"
        },
        {
            "name": "paypal/paypalhttp",
            "version": "1.0.0",
            "source": {
                "type": "git",
                "url": "https://github.com/paypal/paypalhttp_php.git",
                "reference": "1ad9b846a046f09d6135cbf2cbaa7701bbc630a3"
            },
            "dist": {
                "type": "zip",
                "url": "https://api.github.com/repos/paypal/paypalhttp_php/zipball/1ad9b846a046f09d6135cbf2cbaa7701bbc630a3",
                "reference": "1ad9b846a046f09d6135cbf2cbaa7701bbc630a3",
                "shasum": ""
            },
            "require": {
                "ext-curl": "*"
            },
            "require-dev": {
                "phpunit/phpunit": "^5.7",
                "wiremock-php/wiremock-php": "1.43.2"
            },
            "type": "library",
            "autoload": {
                "psr-4": {
                    "PayPalHttp\\": "lib/PayPalHttp"
                }
            },
            "notification-url": "https://packagist.org/downloads/",
            "license": [
                "MIT"
            ],
            "authors": [
                {
                    "name": "PayPal",
                    "homepage": "https://github.com/paypal/paypalhttp_php/contributors"
                }
            ],
            "time": "2019-11-06T21:27:12+00:00"
        },
        {
            "name": "workerman/workerman",
            "version": "v4.0.4",
            "source": {
                "type": "git",
                "url": "https://github.com/walkor/Workerman.git",
                "reference": "88e518903d2f61d6cdfe1d381b40e03be2a9ef94"
            },
            "dist": {
                "type": "zip",
                "url": "https://api.github.com/repos/walkor/Workerman/zipball/88e518903d2f61d6cdfe1d381b40e03be2a9ef94",
                "reference": "88e518903d2f61d6cdfe1d381b40e03be2a9ef94",
                "shasum": ""
            },
            "require": {
                "php": ">=5.3"
            },
            "suggest": {
                "ext-event": "For better performance. "
            },
            "type": "library",
            "autoload": {
                "psr-4": {
                    "Workerman\\": "./"
                }
            },
            "notification-url": "https://packagist.org/downloads/",
            "license": [
                "MIT"
            ],
            "authors": [
                {
                    "name": "walkor",
                    "email": "walkor@workerman.net",
                    "homepage": "http://www.workerman.net",
                    "role": "Developer"
                }
            ],
            "description": "An asynchronous event driven PHP framework for easily building fast, scalable network applications.",
            "homepage": "http://www.workerman.net",
            "keywords": [
                "asynchronous",
                "event-loop"
            ],
            "time": "2020-04-20T02:20:21+00:00"
        }
    ],
    "packages-dev": [],
    "aliases": [],
    "minimum-stability": "stable",
    "stability-flags": [],
    "prefer-stable": false,
    "prefer-lowest": false,
    "platform": [],
    "platform-dev": [],
    "plugin-api-version": "1.1.0"
}
